	<Project xmlns="http://schemas.microsoft.com/developer/msbuild/2003">
		<PropertyGroup>
			<ProjectGuid>{8f85f45f-b3c1-46fe-880b-4ec9b3bc031e}</ProjectGuid>
			<MainSource>IntegratedUnitTest_D2009.dpk</MainSource>
			<Configuration Condition=" '$(Configuration)' == '' ">Debug</Configuration>
			<Platform Condition=" '$(Platform)' == '' ">AnyCPU</Platform>
			<DCC_DCCCompiler>DCC32</DCC_DCCCompiler>
			<DCC_DependencyCheckOutputName>C:\Documents and Settings\All Users\Documenten\RAD Studio\5.0\Bpl\IntegratedUnitTest_D2009.bpl</DCC_DependencyCheckOutputName>
			<ProjectVersion>12.0</ProjectVersion>
			<Config Condition="'$(Config)'==''">Debug</Config>
		</PropertyGroup>
		<PropertyGroup Condition="'$(Config)'=='Base' or '$(Base)'!=''">
			<Base>true</Base>
		</PropertyGroup>
		<PropertyGroup Condition="'$(Config)'=='Release' or '$(Cfg_1)'!=''">
			<Cfg_1>true</Cfg_1>
			<CfgParent>Base</CfgParent>
			<Base>true</Base>
		</PropertyGroup>
		<PropertyGroup Condition="'$(Config)'=='Debug' or '$(Cfg_2)'!=''">
			<Cfg_2>true</Cfg_2>
			<CfgParent>Base</CfgParent>
			<Base>true</Base>
		</PropertyGroup>
		<PropertyGroup Condition="'$(Base)'!=''">
			<DCC_ImageBase>00400000</DCC_ImageBase>
			<DCC_DependencyCheckOutputName>C:\Documents and Settings\All Users\Documents\RAD Studio\6.0\Bpl\IntegratedUnitTest_D2009.bpl</DCC_DependencyCheckOutputName>
			<DCC_Description>TestGrip 2.0</DCC_Description>
			<DesignOnlyPackage>true</DesignOnlyPackage>
			<GenDll>true</GenDll>
			<GenPackage>true</GenPackage>
			<DCC_SymbolReferenceInfo>1</DCC_SymbolReferenceInfo>
		</PropertyGroup>
		<PropertyGroup Condition="'$(Cfg_1)'!=''">
			<Version>7.0</Version>
			<DCC_DebugInformation>False</DCC_DebugInformation>
			<DCC_LocalDebugSymbols>False</DCC_LocalDebugSymbols>
			<DCC_SymbolReferenceInfo>0</DCC_SymbolReferenceInfo>
			<DCC_Define>RELEASE;$(DCC_Define)</DCC_Define>
		</PropertyGroup>
		<PropertyGroup Condition="'$(Cfg_2)'!=''">
			<Version>7.0</Version>
		</PropertyGroup>
		<ProjectExtensions>
			<Borland.Personality>Delphi.Personality.12</Borland.Personality>
			<Borland.ProjectType>Package</Borland.ProjectType>
			<BorlandProject>
				<Delphi.Personality>
					<Parameters>
						<Parameters Name="UseLauncher">False</Parameters>
						<Parameters Name="LoadAllSymbols">True</Parameters>
						<Parameters Name="LoadUnspecifiedSymbols">False</Parameters>
					</Parameters>
					<VersionInfo>
						<VersionInfo Name="IncludeVerInfo">True</VersionInfo>
						<VersionInfo Name="AutoIncBuild">False</VersionInfo>
						<VersionInfo Name="MajorVer">1</VersionInfo>
						<VersionInfo Name="MinorVer">0</VersionInfo>
						<VersionInfo Name="Release">0</VersionInfo>
						<VersionInfo Name="Build">0</VersionInfo>
						<VersionInfo Name="Debug">False</VersionInfo>
						<VersionInfo Name="PreRelease">False</VersionInfo>
						<VersionInfo Name="Special">False</VersionInfo>
						<VersionInfo Name="Private">False</VersionInfo>
						<VersionInfo Name="DLL">False</VersionInfo>
						<VersionInfo Name="Locale">1043</VersionInfo>
						<VersionInfo Name="CodePage">1252</VersionInfo>
					</VersionInfo>
					<VersionInfoKeys>
						<VersionInfoKeys Name="CompanyName"/>
						<VersionInfoKeys Name="FileDescription"/>
						<VersionInfoKeys Name="FileVersion">1.0.0.0</VersionInfoKeys>
						<VersionInfoKeys Name="InternalName"/>
						<VersionInfoKeys Name="LegalCopyright"/>
						<VersionInfoKeys Name="LegalTrademarks"/>
						<VersionInfoKeys Name="OriginalFilename"/>
						<VersionInfoKeys Name="ProductName"/>
						<VersionInfoKeys Name="ProductVersion">1.0.0.0</VersionInfoKeys>
						<VersionInfoKeys Name="Comments"/>
					</VersionInfoKeys>
					<Excluded_Packages>
						<Excluded_Packages Name="$(BDS)\bin\dcloffice2k120.bpl">Microsoft Office 2000 Sample Automation Server Wrapper Components</Excluded_Packages>
						<Excluded_Packages Name="$(BDS)\bin\dclofficexp120.bpl">Microsoft Office XP Sample Automation Server Wrapper Components</Excluded_Packages>
						<Excluded_Packages Name="C:\Program Files\madCollection\madBasic\BDS6\madBasic_.bpl">madBasic 1.2.5  -  www.madshi.net</Excluded_Packages>
						<Excluded_Packages Name="C:\Program Files\madCollection\madBasic\BDS6\madHelp_.bpl">madHelp 1.1.1  -  www.madshi.net</Excluded_Packages>
						<Excluded_Packages Name="C:\Program Files\madCollection\madDisAsm\BDS6\madDisAsm_.bpl">madDisAsm 2.2.4  -  www.madshi.net</Excluded_Packages>
						<Excluded_Packages Name="C:\Program Files\madCollection\madExcept\BDS6\madExceptIde_.bpl">madExceptIde 1.1.0  -  www.madshi.net</Excluded_Packages>
						<Excluded_Packages Name="C:\Program Files\madCollection\madExcept\BDS6\madExcept_.bpl">madExcept 4.0.13  -  www.madshi.net</Excluded_Packages>
						<Excluded_Packages Name="C:\Program Files\madCollection\madExcept\BDS6\madExceptVcl_.bpl">madExceptVcl 2.1.0  -  www.madshi.net</Excluded_Packages>
						<Excluded_Packages Name="C:\Program Files\madCollection\madExcept\BDS6\madExceptWizard_.bpl">madExceptWizard 3.1.5  -  www.madshi.net</Excluded_Packages>
					</Excluded_Packages>
					<Source>
						<Source Name="MainSource">IntegratedUnitTest_D2009.dpk</Source>
					</Source>
				</Delphi.Personality>
			</BorlandProject>
			<ProjectFileVersion>12</ProjectFileVersion>
		</ProjectExtensions>
		<ItemGroup>
			<DelphiCompile Include="IntegratedUnitTest_D2009.dpk">
				<MainSource>MainSource</MainSource>
			</DelphiCompile>
			<DCCReference Include="designide.dcp"/>
			<DCCReference Include="rtl.dcp"/>
			<DCCReference Include="vcldb.dcp"/>
			<DCCReference Include="dbrtl.dcp"/>
			<DCCReference Include="..\..\IDE\FPropertyEditor.pas">
				<Form>frmPropertyEditor</Form>
			</DCCReference>
			<DCCReference Include="..\..\Shared\uXmlFuncs.pas"/>
			<DCCReference Include="..\..\Core\uPascalDefs.pas"/>
			<DCCReference Include="..\..\Definition\uInputParser.pas"/>
			<DCCReference Include="..\..\Definition\uTestDefs.pas"/>
			<DCCReference Include="..\..\Core\uUnitParser.pas"/>
			<DCCReference Include="..\..\IDE\uSplashRegister.pas"/>
			<DCCReference Include="..\..\IDE\uIdeEditorManager.pas"/>
			<DCCReference Include="..\..\IDE\FInputTest.pas">
				<Form>frmInputTest</Form>
			</DCCReference>
			<DCCReference Include="..\..\Generation\uProjectGen.pas"/>
			<DCCReference Include="..\..\Generation\uTestGen.pas"/>
			<DCCReference Include="..\..\Generation\uPascalFileGen.pas"/>
			<DCCReference Include="..\..\Generation\uInheritGen.pas"/>
			<DCCReference Include="..\..\Definition\uConst.pas"/>
			<DCCReference Include="..\..\Generation\uDelphiRegistry.pas"/>
			<DCCReference Include="..\..\IDE\FMultitestEdit.pas">
				<Form>frmTestsMatrixEdit</Form>
			</DCCReference>
			<DCCReference Include="..\..\IDE\FDetailsEdit.pas">
				<Form>frmDetailsEdit</Form>
			</DCCReference>
			<DCCReference Include="..\..\IDE\FShowTestCode.pas">
				<Form>frmShowTestcode</Form>
			</DCCReference>
			<DCCReference Include="..\..\Core\uProjectParser.pas"/>
			<DCCReference Include="..\..\thirdparty\virtual treeview\Source\GDCVirtualTrees.pas"/>
			<DCCReference Include="..\..\thirdparty\virtual treeview\Source\GDCVTAccessibility.pas"/>
			<DCCReference Include="..\..\thirdparty\virtual treeview\Source\GDCVTAccessibilityFactory.pas"/>
			<DCCReference Include="..\..\thirdparty\virtual treeview\Source\GDCVTHeaderPopup.pas"/>
			<DCCReference Include="..\..\thirdparty\virtual treeview\Common\GDCMSAAIntf.pas"/>
			<DCCReference Include="..\..\thirdparty\SynEdit\Source\GDCSynAutoCorrect.pas"/>
			<DCCReference Include="..\..\thirdparty\SynEdit\Source\GDCSynAutoCorrectEditor.pas">
				<Form>frmAutoCorrectEditor</Form>
			</DCCReference>
			<DCCReference Include="..\..\thirdparty\SynEdit\Source\GDCSynCompletionProposal.pas"/>
			<DCCReference Include="..\..\thirdparty\SynEdit\Source\GDCSynDBEdit.pas"/>
			<DCCReference Include="..\..\thirdparty\SynEdit\Source\GDCSynEdit.pas"/>
			<DCCReference Include="..\..\thirdparty\SynEdit\Source\GDCSynEditAutoComplete.pas"/>
			<DCCReference Include="..\..\thirdparty\SynEdit\Source\GDCSynEditExport.pas"/>
			<DCCReference Include="..\..\thirdparty\SynEdit\Source\GDCSynEditHighlighter.pas"/>
			<DCCReference Include="..\..\thirdparty\SynEdit\Source\GDCSynEditKbdHandler.pas"/>
			<DCCReference Include="..\..\thirdparty\SynEdit\Source\GDCSynEditKeyCmdEditor.pas">
				<Form>GDCSynEditKeystrokeEditorForm</Form>
			</DCCReference>
			<DCCReference Include="..\..\thirdparty\SynEdit\Source\GDCSynEditKeyCmds.pas"/>
			<DCCReference Include="..\..\thirdparty\SynEdit\Source\GDCSynEditKeyCmdsEditor.pas">
				<Form>GDCSynEditKeystrokesEditorForm</Form>
			</DCCReference>
			<DCCReference Include="..\..\thirdparty\SynEdit\Source\GDCSynEditKeyConst.pas"/>
			<DCCReference Include="..\..\thirdparty\SynEdit\Source\GDCSynEditMiscClasses.pas"/>
			<DCCReference Include="..\..\thirdparty\SynEdit\Source\GDCSynEditMiscProcs.pas"/>
			<DCCReference Include="..\..\thirdparty\SynEdit\Source\GDCSynEditOptionsDialog.pas">
				<Form>fmEditorOptionsDialog</Form>
			</DCCReference>
			<DCCReference Include="..\..\thirdparty\SynEdit\Source\GDCSynEditPlugins.pas"/>
			<DCCReference Include="..\..\thirdparty\SynEdit\Source\GDCSynEditPrint.pas"/>
			<DCCReference Include="..\..\thirdparty\SynEdit\Source\GDCSynEditPrinterInfo.pas"/>
			<DCCReference Include="..\..\thirdparty\SynEdit\Source\GDCSynEditPrintHeaderFooter.pas"/>
			<DCCReference Include="..\..\thirdparty\SynEdit\Source\GDCSynEditPrintMargins.pas"/>
			<DCCReference Include="..\..\thirdparty\SynEdit\Source\GDCSynEditPrintMarginsDialog.pas">
				<Form>GDCSynEditPrintMarginsDlg</Form>
			</DCCReference>
			<DCCReference Include="..\..\thirdparty\SynEdit\Source\GDCSynEditPrintPreview.pas"/>
			<DCCReference Include="..\..\thirdparty\SynEdit\Source\GDCSynEditPrintTypes.pas"/>
			<DCCReference Include="..\..\thirdparty\SynEdit\Source\GDCSynEditPythonBehaviour.pas"/>
			<DCCReference Include="..\..\thirdparty\SynEdit\Source\GDCSynEditRegexSearch.pas"/>
			<DCCReference Include="..\..\thirdparty\SynEdit\Source\GDCSynEditSearch.pas"/>
			<DCCReference Include="..\..\thirdparty\SynEdit\Source\GDCSynEditStrConst.pas"/>
			<DCCReference Include="..\..\thirdparty\SynEdit\Source\GDCSynEditTextBuffer.pas"/>
			<DCCReference Include="..\..\thirdparty\SynEdit\Source\GDCSynEditTypes.pas"/>
			<DCCReference Include="..\..\thirdparty\SynEdit\Source\GDCSynEditWildcardSearch.pas"/>
			<DCCReference Include="..\..\thirdparty\SynEdit\Source\GDCSynEditWordWrap.pas"/>
			<DCCReference Include="..\..\thirdparty\SynEdit\Source\GDCSynExportHTML.pas"/>
			<DCCReference Include="..\..\thirdparty\SynEdit\Source\GDCSynExportRTF.pas"/>
			<DCCReference Include="..\..\thirdparty\SynEdit\Source\GDCSynExportTeX.pas"/>
			<DCCReference Include="..\..\thirdparty\SynEdit\Source\GDCSynHighlighterGeneral.pas"/>
			<DCCReference Include="..\..\thirdparty\SynEdit\Source\GDCSynHighlighterManager.pas"/>
			<DCCReference Include="..\..\thirdparty\SynEdit\Source\GDCSynHighlighterMsg.pas"/>
			<DCCReference Include="..\..\thirdparty\SynEdit\Source\GDCSynHighlighterMulti.pas"/>
			<DCCReference Include="..\..\thirdparty\SynEdit\Source\GDCSynHighlighterPas.pas"/>
			<DCCReference Include="..\..\thirdparty\SynEdit\Source\GDCSynHighlighterURI.pas"/>
			<DCCReference Include="..\..\thirdparty\SynEdit\Source\GDCSynHighlighterXML.pas"/>
			<DCCReference Include="..\..\thirdparty\SynEdit\Source\GDCSynMacroRecorder.pas"/>
			<DCCReference Include="..\..\thirdparty\SynEdit\Source\GDCSynMemo.pas"/>
			<DCCReference Include="..\..\thirdparty\SynEdit\Source\GDCSynRegExpr.pas"/>
			<DCCReference Include="..\..\thirdparty\SynEdit\Source\GDCSynTextDrawer.pas"/>
			<DCCReference Include="..\..\thirdparty\SynEdit\Source\GDCSynUnicode.pas"/>
			<DCCReference Include="..\..\thirdparty\SynEdit\Source\GDCSynURIOpener.pas"/>
			<DCCReference Include="..\..\Shared\uUTF8Functions.pas"/>
			<DCCReference Include="..\..\IDE\FShowTestResults.pas">
				<Form>frmShowTestresults</Form>
			</DCCReference>
			<DCCReference Include="..\..\IDE\FAboutTestgrip.pas">
				<Form>FrmAboutTestgrip</Form>
			</DCCReference>
			<DCCReference Include="..\..\Generation\uProjectTesting.pas"/>
			<DCCReference Include="..\..\IDE\FRename.pas">
				<Form>frmRename</Form>
			</DCCReference>
			<DCCReference Include="..\..\IDE\uTestgripUIFuncs.pas"/>
			<DCCReference Include="..\..\Shared\uD7Functions.pas"/>
			<DCCReference Include="..\..\IDE\uHelp.pas"/>
			<DCCReference Include="..\..\Generation\uTestgripInstall.pas"/>
			<DCCReference Include="..\..\Execution\uBuildOutputParser.pas"/>
			<DCCReference Include="..\..\Core\uCodeHelpers.pas"/>
			<DCCReference Include="..\..\Core\uDefinitionSearch.pas"/>
			<DCCReference Include="..\..\IDE\uIdeHelper.pas"/>
			<DCCReference Include="..\..\Shared\uCommonFunctions.pas"/>
			<DCCReference Include="..\..\Generation\uDUnitTestGen.pas"/>
			<DCCReference Include="..\..\Generation\uDUnitXTestGen.pas"/>
			<DCCReference Include="..\..\Generation\uUnitTestGenBase.pas"/>
			<DCCReference Include="..\..\Generation\uUnitTestGenIntf.pas"/>
			<DCCReference Include="..\..\IDE\uIDEGarbageCollector.pas"/>
			<BuildConfiguration Include="Base">
				<Key>Base</Key>
			</BuildConfiguration>
			<BuildConfiguration Include="Debug">
				<Key>Cfg_2</Key>
				<CfgParent>Base</CfgParent>
			</BuildConfiguration>
			<BuildConfiguration Include="Release">
				<Key>Cfg_1</Key>
				<CfgParent>Base</CfgParent>
			</BuildConfiguration>
		</ItemGroup>
		<Import Project="$(BDS)\Bin\CodeGear.Delphi.Targets" Condition="Exists('$(BDS)\Bin\CodeGear.Delphi.Targets')"/>
	</Project>
